// !$*UTF8*$!
{
	archiveVersion = 1;
	classes = {
	};
	objectVersion = 46;
	objects = {

/* Begin PBXBuildFile section */
		37BF4726156E632C002D654E /* UIKit.framework in Frameworks */ = {isa = PBXBuildFile; fileRef = 37BF4725156E632C002D654E /* UIKit.framework */; };
		37BF4728156E632C002D654E /* Foundation.framework in Frameworks */ = {isa = PBXBuildFile; fileRef = 37BF4727156E632C002D654E /* Foundation.framework */; };
		37BF472A156E632C002D654E /* CoreGraphics.framework in Frameworks */ = {isa = PBXBuildFile; fileRef = 37BF4729156E632C002D654E /* CoreGraphics.framework */; };
		37BF4730156E632C002D654E /* InfoPlist.strings in Resources */ = {isa = PBXBuildFile; fileRef = 37BF472E156E632C002D654E /* InfoPlist.strings */; };
		37BF4732156E632C002D654E /* main.m in Sources */ = {isa = PBXBuildFile; fileRef = 37BF4731156E632C002D654E /* main.m */; };
		37BF4736156E632C002D654E /* AppDelegate.m in Sources */ = {isa = PBXBuildFile; fileRef = 37BF4735156E632C002D654E /* AppDelegate.m */; };
		37BF4739156E632C002D654E /* MainStoryboard.storyboard in Resources */ = {isa = PBXBuildFile; fileRef = 37BF4737156E632C002D654E /* MainStoryboard.storyboard */; };
		37BF473C156E632C002D654E /* ViewController.m in Sources */ = {isa = PBXBuildFile; fileRef = 37BF473B156E632C002D654E /* ViewController.m */; };
		37BF4743156E659D002D654E /* CoreLocation.framework in Frameworks */ = {isa = PBXBuildFile; fileRef = 37BF4742156E659D002D654E /* CoreLocation.framework */; };
		37BF4745156E7868002D654E /* MapKit.framework in Frameworks */ = {isa = PBXBuildFile; fileRef = 37BF4744156E7868002D654E /* MapKit.framework */; };
		37BF474D156E818D002D654E /* NSArray+Shuffle.m in Sources */ = {isa = PBXBuildFile; fileRef = 37BF474C156E818D002D654E /* NSArray+Shuffle.m */; };
		37BF4750156E81AC002D654E /* MickeyMouse.png in Resources */ = {isa = PBXBuildFile; fileRef = 37BF474F156E81AC002D654E /* MickeyMouse.png */; };
		37BF4753156E8300002D654E /* MyLocation.m in Sources */ = {isa = PBXBuildFile; fileRef = 37BF4752156E8300002D654E /* MyLocation.m */; };
/* End PBXBuildFile section */

/* Begin PBXFileReference section */
		37BF4721156E632C002D654E /* HappiestPlaceOnEarth.app */ = {isa = PBXFileReference; explicitFileType = wrapper.application; includeInIndex = 0; path = HappiestPlaceOnEarth.app; sourceTree = BUILT_PRODUCTS_DIR; };
		37BF4725156E632C002D654E /* UIKit.framework */ = {isa = PBXFileReference; lastKnownFileType = wrapper.framework; name = UIKit.framework; path = System/Library/Frameworks/UIKit.framework; sourceTree = SDKROOT; };
		37BF4727156E632C002D654E /* Foundation.framework */ = {isa = PBXFileReference; lastKnownFileType = wrapper.framework; name = Foundation.framework; path = System/Library/Frameworks/Foundation.framework; sourceTree = SDKROOT; };
		37BF4729156E632C002D654E /* CoreGraphics.framework */ = {isa = PBXFileReference; lastKnownFileType = wrapper.framework; name = CoreGraphics.framework; path = System/Library/Frameworks/CoreGraphics.framework; sourceTree = SDKROOT; };
		37BF472D156E632C002D654E /* HappiestPlaceOnEarth-Info.plist */ = {isa = PBXFileReference; lastKnownFileType = text.plist.xml; path = "HappiestPlaceOnEarth-Info.plist"; sourceTree = "<group>"; };
		37BF472F156E632C002D654E /* en */ = {isa = PBXFileReference; lastKnownFileType = text.plist.strings; name = en; path = en.lproj/InfoPlist.strings; sourceTree = "<group>"; };
		37BF4731156E632C002D654E /* main.m */ = {isa = PBXFileReference; lastKnownFileType = sourcecode.c.objc; path = main.m; sourceTree = "<group>"; };
		37BF4733156E632C002D654E /* HappiestPlaceOnEarth-Prefix.pch */ = {isa = PBXFileReference; lastKnownFileType = sourcecode.c.h; path = "HappiestPlaceOnEarth-Prefix.pch"; sourceTree = "<group>"; };
		37BF4734156E632C002D654E /* AppDelegate.h */ = {isa = PBXFileReference; lastKnownFileType = sourcecode.c.h; path = AppDelegate.h; sourceTree = "<group>"; };
		37BF4735156E632C002D654E /* AppDelegate.m */ = {isa = PBXFileReference; lastKnownFileType = sourcecode.c.objc; path = AppDelegate.m; sourceTree = "<group>"; };
		37BF4738156E632C002D654E /* en */ = {isa = PBXFileReference; lastKnownFileType = file.storyboard; name = en; path = en.lproj/MainStoryboard.storyboard; sourceTree = "<group>"; };
		37BF473A156E632C002D654E /* ViewController.h */ = {isa = PBXFileReference; lastKnownFileType = sourcecode.c.h; path = ViewController.h; sourceTree = "<group>"; };
		37BF473B156E632C002D654E /* ViewController.m */ = {isa = PBXFileReference; lastKnownFileType = sourcecode.c.objc; path = ViewController.m; sourceTree = "<group>"; };
		37BF4742156E659D002D654E /* CoreLocation.framework */ = {isa = PBXFileReference; lastKnownFileType = wrapper.framework; name = CoreLocation.framework; path = System/Library/Frameworks/CoreLocation.framework; sourceTree = SDKROOT; };
		37BF4744156E7868002D654E /* MapKit.framework */ = {isa = PBXFileReference; lastKnownFileType = wrapper.framework; name = MapKit.framework; path = System/Library/Frameworks/MapKit.framework; sourceTree = SDKROOT; };
		37BF474B156E818C002D654E /* NSArray+Shuffle.h */ = {isa = PBXFileReference; fileEncoding = 4; lastKnownFileType = sourcecode.c.h; path = "NSArray+Shuffle.h"; sourceTree = "<group>"; };
		37BF474C156E818D002D654E /* NSArray+Shuffle.m */ = {isa = PBXFileReference; fileEncoding = 4; lastKnownFileType = sourcecode.c.objc; path = "NSArray+Shuffle.m"; sourceTree = "<group>"; };
		37BF474F156E81AC002D654E /* MickeyMouse.png */ = {isa = PBXFileReference; lastKnownFileType = image.png; path = MickeyMouse.png; sourceTree = "<group>"; };
		37BF4751156E8300002D654E /* MyLocation.h */ = {isa = PBXFileReference; fileEncoding = 4; lastKnownFileType = sourcecode.c.h; path = MyLocation.h; sourceTree = "<group>"; };
		37BF4752156E8300002D654E /* MyLocation.m */ = {isa = PBXFileReference; fileEncoding = 4; lastKnownFileType = sourcecode.c.objc; path = MyLocation.m; sourceTree = "<group>"; };
/* End PBXFileReference section */

/* Begin PBXFrameworksBuildPhase section */
		37BF471E156E632C002D654E /* Frameworks */ = {
			isa = PBXFrameworksBuildPhase;
			buildActionMask = 2147483647;
			files = (
				37BF4745156E7868002D654E /* MapKit.framework in Frameworks */,
				37BF4743156E659D002D654E /* CoreLocation.framework in Frameworks */,
				37BF4726156E632C002D654E /* UIKit.framework in Frameworks */,
				37BF4728156E632C002D654E /* Foundation.framework in Frameworks */,
				37BF472A156E632C002D654E /* CoreGraphics.framework in Frameworks */,
			);
			runOnlyForDeploymentPostprocessing = 0;
		};
/* End PBXFrameworksBuildPhase section */

/* Begin PBXGroup section */
		37BF4716156E6329002D654E = {
			isa = PBXGroup;
			children = (
				37BF4744156E7868002D654E /* MapKit.framework */,
				37BF4742156E659D002D654E /* CoreLocation.framework */,
				37BF472B156E632C002D654E /* HappiestPlaceOnEarth */,
				37BF4724156E632C002D654E /* Frameworks */,
				37BF4722156E632C002D654E /* Products */,
			);
			sourceTree = "<group>";
		};
		37BF4722156E632C002D654E /* Products */ = {
			isa = PBXGroup;
			children = (
				37BF4721156E632C002D654E /* HappiestPlaceOnEarth.app */,
			);
			name = Products;
			sourceTree = "<group>";
		};
		37BF4724156E632C002D654E /* Frameworks */ = {
			isa = PBXGroup;
			children = (
				37BF4725156E632C002D654E /* UIKit.framework */,
				37BF4727156E632C002D654E /* Foundation.framework */,
				37BF4729156E632C002D654E /* CoreGraphics.framework */,
			);
			name = Frameworks;
			sourceTree = "<group>";
		};
		37BF472B156E632C002D654E /* HappiestPlaceOnEarth */ = {
			isa = PBXGroup;
			children = (
				37BF4737156E632C002D654E /* MainStoryboard.storyboard */,
				37BF4734156E632C002D654E /* AppDelegate.h */,
				37BF4735156E632C002D654E /* AppDelegate.m */,
				37BF473B156E632C002D654E /* ViewController.m */,
				37BF473A156E632C002D654E /* ViewController.h */,
				37BF4751156E8300002D654E /* MyLocation.h */,
				37BF4752156E8300002D654E /* MyLocation.m */,
				37BF474E156E8194002D654E /* Categories */,
				37BF472C156E632C002D654E /* Supporting Files */,
			);
			path = HappiestPlaceOnEarth;
			sourceTree = "<group>";
		};
		37BF472C156E632C002D654E /* Supporting Files */ = {
			isa = PBXGroup;
			children = (
				37BF474F156E81AC002D654E /* MickeyMouse.png */,
				37BF472D156E632C002D654E /* HappiestPlaceOnEarth-Info.plist */,
				37BF472E156E632C002D654E /* InfoPlist.strings */,
				37BF4731156E632C002D654E /* main.m */,
				37BF4733156E632C002D654E /* HappiestPlaceOnEarth-Prefix.pch */,
			);
			name = "Supporting Files";
			sourceTree = "<group>";
		};
		37BF474E156E8194002D654E /* Categories */ = {
			isa = PBXGroup;
			children = (
				37BF474B156E818C002D654E /* NSArray+Shuffle.h */,
				37BF474C156E818D002D654E /* NSArray+Shuffle.m */,
			);
			name = Categories;
			sourceTree = "<group>";
		};
/* End PBXGroup section */

/* Begin PBXNativeTarget section */
		37BF4720156E632C002D654E /* HappiestPlaceOnEarth */ = {
			isa = PBXNativeTarget;
			buildConfigurationList = 37BF473F156E632C002D654E /* Build configuration list for PBXNativeTarget "HappiestPlaceOnEarth" */;
			buildPhases = (
				37BF471D156E632C002D654E /* Sources */,
				37BF471E156E632C002D654E /* Frameworks */,
				37BF471F156E632C002D654E /* Resources */,
			);
			buildRules = (
			);
			dependencies = (
			);
			name = HappiestPlaceOnEarth;
			productName = HappiestPlaceOnEarth;
			productReference = 37BF4721156E632C002D654E /* HappiestPlaceOnEarth.app */;
			productType = "com.apple.product-type.application";
		};
/* End PBXNativeTarget section */

/* Begin PBXProject section */
		37BF4718156E6329002D654E /* Project object */ = {
			isa = PBXProject;
			attributes = {
				LastUpgradeCheck = 0430;
				ORGANIZATIONNAME = "University of Chicago";
			};
			buildConfigurationList = 37BF471B156E6329002D654E /* Build configuration list for PBXProject "HappiestPlaceOnEarth" */;
			compatibilityVersion = "Xcode 3.2";
			developmentRegion = English;
			hasScannedForEncodings = 0;
			knownRegions = (
				en,
			);
			mainGroup = 37BF4716156E6329002D654E;
			productRefGroup = 37BF4722156E632C002D654E /* Products */;
			projectDirPath = "";
			projectRoot = "";
			targets = (
				37BF4720156E632C002D654E /* HappiestPlaceOnEarth */,
			);
		};
/* End PBXProject section */

/* Begin PBXResourcesBuildPhase section */
		37BF471F156E632C002D654E /* Resources */ = {
			isa = PBXResourcesBuildPhase;
			buildActionMask = 2147483647;
			files = (
				37BF4730156E632C002D654E /* InfoPlist.strings in Resources */,
				37BF4739156E632C002D654E /* MainStoryboard.storyboard in Resources */,
				37BF4750156E81AC002D654E /* MickeyMouse.png in Resources */,
			);
			runOnlyForDeploymentPostprocessing = 0;
		};
/* End PBXResourcesBuildPhase section */

/* Begin PBXSourcesBuildPhase section */
		37BF471D156E632C002D654E /* Sources */ = {
			isa = PBXSourcesBuildPhase;
			buildActionMask = 2147483647;
			files = (
				37BF4732156E632C002D654E /* main.m in Sources */,
				37BF4736156E632C002D654E /* AppDelegate.m in Sources */,
				37BF473C156E632C002D654E /* ViewController.m in Sources */,
				37BF474D156E818D002D654E /* NSArray+Shuffle.m in Sources */,
				37BF4753156E8300002D654E /* MyLocation.m in Sources */,
			);
			runOnlyForDeploymentPostprocessing = 0;
		};
/* End PBXSourcesBuildPhase section */

/* Begin PBXVariantGroup section */
		37BF472E156E632C002D654E /* InfoPlist.strings */ = {
			isa = PBXVariantGroup;
			children = (
				37BF472F156E632C002D654E /* en */,
			);
			name = InfoPlist.strings;
			sourceTree = "<group>";
		};
		37BF4737156E632C002D654E /* MainStoryboard.storyboard */ = {
			isa = PBXVariantGroup;
			children = (
				37BF4738156E632C002D654E /* en */,
			);
			name = MainStoryboard.storyboard;
			sourceTree = "<group>";
		};
/* End PBXVariantGroup section */

/* Begin XCBuildConfiguration section */
		37BF473D156E632C002D654E /* Debug */ = {
			isa = XCBuildConfiguration;
			buildSettings = {
				ALWAYS_SEARCH_USER_PATHS = NO;
				ARCHS = "$(ARCHS_STANDARD_32_BIT)";
				CLANG_ENABLE_OBJC_ARC = YES;
				"CODE_SIGN_IDENTITY[sdk=iphoneos*]" = "iPhone Developer";
				COPY_PHASE_STRIP = NO;
				GCC_C_LANGUAGE_STANDARD = gnu99;
				GCC_DYNAMIC_NO_PIC = NO;
				GCC_OPTIMIZATION_LEVEL = 0;
				GCC_PREPROCESSOR_DEFINITIONS = (
					"DEBUG=1",
					"$(inherited)",
				);
				GCC_SYMBOLS_PRIVATE_EXTERN = NO;
				GCC_VERSION = com.apple.compilers.llvm.clang.1_0;
				GCC_WARN_ABOUT_RETURN_TYPE = YES;
				GCC_WARN_UNINITIALIZED_AUTOS = YES;
				GCC_WARN_UNUSED_VARIABLE = YES;
				IPHONEOS_DEPLOYMENT_TARGET = 5.1;
				SDKROOT = iphoneos;
			};
			name = Debug;
		};
		37BF473E156E632C002D654E /* Release */ = {
			isa = XCBuildConfiguration;
			buildSettings = {
				ALWAYS_SEARCH_USER_PATHS = NO;
				ARCHS = "$(ARCHS_STANDARD_32_BIT)";
				CLANG_ENABLE_OBJC_ARC = YES;
				"CODE_SIGN_IDENTITY[sdk=iphoneos*]" = "iPhone Developer";
				COPY_PHASE_STRIP = YES;
				GCC_C_LANGUAGE_STANDARD = gnu99;
				GCC_VERSION = com.apple.compilers.llvm.clang.1_0;
				GCC_WARN_ABOUT_RETURN_TYPE = YES;
				GCC_WARN_UNINITIALIZED_AUTOS = YES;
				GCC_WARN_UNUSED_VARIABLE = YES;
				IPHONEOS_DEPLOYMENT_TARGET = 5.1;
				OTHER_CFLAGS = "-DNS_BLOCK_ASSERTIONS=1";
				SDKROOT = iphoneos;
				VALIDATE_PRODUCT = YES;
			};
			name = Release;
		};
		37BF4740156E632C002D654E /* Debug */ = {
			isa = XCBuildConfiguration;
			buildSettings = {
				GCC_PRECOMPILE_PREFIX_HEADER = YES;
				GCC_PREFIX_HEADER = "HappiestPlaceOnEarth/HappiestPlaceOnEarth-Prefix.pch";
				INFOPLIST_FILE = "HappiestPlaceOnEarth/HappiestPlaceOnEarth-Info.plist";
				OTHER_CFLAGS = "-DDEBUG";
				PRODUCT_NAME = "$(TARGET_NAME)";
				WRAPPER_EXTENSION = app;
			};
			name = Debug;
		};
		37BF4741156E632C002D654E /* Release */ = {
			isa = XCBuildConfiguration;
			buildSettings = {
				GCC_PRECOMPILE_PREFIX_HEADER = YES;
				GCC_PREFIX_HEADER = "HappiestPlaceOnEarth/HappiestPlaceOnEarth-Prefix.pch";
				INFOPLIST_FILE = "HappiestPlaceOnEarth/HappiestPlaceOnEarth-Info.plist";
				PRODUCT_NAME = "$(TARGET_NAME)";
				WRAPPER_EXTENSION = app;
			};
			name = Release;
		};
/* End XCBuildConfiguration section */

/* Begin XCConfigurationList section */
		37BF471B156E6329002D654E /* Build configuration list for PBXProject "HappiestPlaceOnEarth" */ = {
			isa = XCConfigurationList;
			buildConfigurations = (
				37BF473D156E632C002D654E /* Debug */,
				37BF473E156E632C002D654E /* Release */,
			);
			defaultConfigurationIsVisible = 0;
			defaultConfigurationName = Release;
		};
		37BF473F156E632C002D654E /* Build configuration list for PBXNativeTarget "HappiestPlaceOnEarth" */ = {
			isa = XCConfigurationList;
			buildConfigurations = (
				37BF4740156E632C002D654E /* Debug */,
				37BF4741156E632C002D654E /* Release */,
			);
			defaultConfigurationIsVisible = 0;
			defaultConfigurationName = Release;
		};
/* End XCConfigurationList section */
	};
	rootObject = 37BF4718156E6329002D654E /* Project object */;
}
